// !$*UTF8*$!
{
	archiveVersion = 1;
	classes = {
	};
	objectVersion = 48;
	objects = {

/* Begin PBXBuildFile section */
		2A7FD7FC21104B1200A985BC /* WKVideoListViewController.m in Sources */ = {isa = PBXBuildFile; fileRef = 2A7FD7AE21104B1200A985BC /* WKVideoListViewController.m */; };
		2A7FD7FD21104B1200A985BC /* WKVideoListItem.m in Sources */ = {isa = PBXBuildFile; fileRef = 2A7FD7B121104B1200A985BC /* WKVideoListItem.m */; };
		2A7FD7FE21104B1200A985BC /* WKVideoListCell.m in Sources */ = {isa = PBXBuildFile; fileRef = 2A7FD7B421104B1200A985BC /* WKVideoListCell.m */; };
		2A7FD7FF21104B1200A985BC /* MJPropertyType.m in Sources */ = {isa = PBXBuildFile; fileRef = 2A7FD7BA21104B1200A985BC /* MJPropertyType.m */; };
		2A7FD80021104B1200A985BC /* NSObject+MJKeyValue.m in Sources */ = {isa = PBXBuildFile; fileRef = 2A7FD7BD21104B1200A985BC /* NSObject+MJKeyValue.m */; };
		2A7FD80121104B1200A985BC /* MJProperty.m in Sources */ = {isa = PBXBuildFile; fileRef = 2A7FD7BE21104B1200A985BC /* MJProperty.m */; };
		2A7FD80221104B1200A985BC /* NSObject+MJCoding.m in Sources */ = {isa = PBXBuildFile; fileRef = 2A7FD7C021104B1200A985BC /* NSObject+MJCoding.m */; };
		2A7FD80321104B1200A985BC /* MJExtensionConst.m in Sources */ = {isa = PBXBuildFile; fileRef = 2A7FD7C221104B1200A985BC /* MJExtensionConst.m */; };
		2A7FD80421104B1200A985BC /* NSObject+MJProperty.m in Sources */ = {isa = PBXBuildFile; fileRef = 2A7FD7C321104B1200A985BC /* NSObject+MJProperty.m */; };
		2A7FD80521104B1200A985BC /* NSObject+MJClass.m in Sources */ = {isa = PBXBuildFile; fileRef = 2A7FD7C521104B1200A985BC /* NSObject+MJClass.m */; };
		2A7FD80621104B1200A985BC /* NSString+MJExtension.m in Sources */ = {isa = PBXBuildFile; fileRef = 2A7FD7C621104B1200A985BC /* NSString+MJExtension.m */; };
		2A7FD80721104B1200A985BC /* MJPropertyKey.m in Sources */ = {isa = PBXBuildFile; fileRef = 2A7FD7C721104B1200A985BC /* MJPropertyKey.m */; };
		2A7FD80821104B1200A985BC /* Info.plist in Resources */ = {isa = PBXBuildFile; fileRef = 2A7FD7CB21104B1200A985BC /* Info.plist */; };
		2A7FD80921104B1200A985BC /* MJFoundation.m in Sources */ = {isa = PBXBuildFile; fileRef = 2A7FD7CC21104B1200A985BC /* MJFoundation.m */; };
		2A7FD80A21104B1200A985BC /* AFURLResponseSerialization.m in Sources */ = {isa = PBXBuildFile; fileRef = 2A7FD7D221104B1200A985BC /* AFURLResponseSerialization.m */; };
		2A7FD80B21104B1200A985BC /* AFHTTPSessionManager.m in Sources */ = {isa = PBXBuildFile; fileRef = 2A7FD7D321104B1200A985BC /* AFHTTPSessionManager.m */; };
		2A7FD80C21104B1200A985BC /* AFURLSessionManager.m in Sources */ = {isa = PBXBuildFile; fileRef = 2A7FD7D521104B1200A985BC /* AFURLSessionManager.m */; };
		2A7FD80D21104B1200A985BC /* AFURLRequestSerialization.m in Sources */ = {isa = PBXBuildFile; fileRef = 2A7FD7D621104B1200A985BC /* AFURLRequestSerialization.m */; };
		2A7FD80E21104B1200A985BC /* AFNetworkReachabilityManager.m in Sources */ = {isa = PBXBuildFile; fileRef = 2A7FD7D821104B1200A985BC /* AFNetworkReachabilityManager.m */; };
		2A7FD80F21104B1200A985BC /* AFSecurityPolicy.m in Sources */ = {isa = PBXBuildFile; fileRef = 2A7FD7D921104B1200A985BC /* AFSecurityPolicy.m */; };
		2A7FD81021104B1200A985BC /* MBProgressHUD.m in Sources */ = {isa = PBXBuildFile; fileRef = 2A7FD7DC21104B1200A985BC /* MBProgressHUD.m */; };
		2A7FD81121104B1200A985BC /* SDWebImageManager.m in Sources */ = {isa = PBXBuildFile; fileRef = 2A7FD7E121104B1200A985BC /* SDWebImageManager.m */; };
		2A7FD81221104B1200A985BC /* SDWebImageDecoder.m in Sources */ = {isa = PBXBuildFile; fileRef = 2A7FD7E221104B1200A985BC /* SDWebImageDecoder.m */; };
		2A7FD81321104B1200A985BC /* UIImageView+HighlightedWebCache.m in Sources */ = {isa = PBXBuildFile; fileRef = 2A7FD7E421104B1200A985BC /* UIImageView+HighlightedWebCache.m */; };
		2A7FD81421104B1200A985BC /* SDWebImageDownloader.m in Sources */ = {isa = PBXBuildFile; fileRef = 2A7FD7E621104B1200A985BC /* SDWebImageDownloader.m */; };
		2A7FD81521104B1200A985BC /* UIImage+GIF.m in Sources */ = {isa = PBXBuildFile; fileRef = 2A7FD7E721104B1200A985BC /* UIImage+GIF.m */; };
		2A7FD81621104B1200A985BC /* UIImage+MultiFormat.m in Sources */ = {isa = PBXBuildFile; fileRef = 2A7FD7E921104B1200A985BC /* UIImage+MultiFormat.m */; };
		2A7FD81721104B1200A985BC /* SDWebImageCompat.m in Sources */ = {isa = PBXBuildFile; fileRef = 2A7FD7EA21104B1200A985BC /* SDWebImageCompat.m */; };
		2A7FD81821104B1200A985BC /* SDWebImagePrefetcher.m in Sources */ = {isa = PBXBuildFile; fileRef = 2A7FD7EB21104B1200A985BC /* SDWebImagePrefetcher.m */; };
		2A7FD81921104B1200A985BC /* SDImageCache.m in Sources */ = {isa = PBXBuildFile; fileRef = 2A7FD7ED21104B1200A985BC /* SDImageCache.m */; };
		2A7FD81A21104B1200A985BC /* SDWebImageDownloaderOperation.m in Sources */ = {isa = PBXBuildFile; fileRef = 2A7FD7EF21104B1200A985BC /* SDWebImageDownloaderOperation.m */; };
		2A7FD81B21104B1200A985BC /* NSData+ImageContentType.m in Sources */ = {isa = PBXBuildFile; fileRef = 2A7FD7F221104B1200A985BC /* NSData+ImageContentType.m */; };
		2A7FD81C21104B1200A985BC /* UIImageView+WebCache.m in Sources */ = {isa = PBXBuildFile; fileRef = 2A7FD7F321104B1200A985BC /* UIImageView+WebCache.m */; };
		2A7FD81D21104B1200A985BC /* UIView+WebCacheOperation.m in Sources */ = {isa = PBXBuildFile; fileRef = 2A7FD7F621104B1200A985BC /* UIView+WebCacheOperation.m */; };
		2A7FD81E21104B1200A985BC /* UIButton+WebCache.m in Sources */ = {isa = PBXBuildFile; fileRef = 2A7FD7FA21104B1200A985BC /* UIButton+WebCache.m */; };
		2A881C0C206C97630017CB64 /* AppDelegate.m in Sources */ = {isa = PBXBuildFile; fileRef = 2A881C0B206C97630017CB64 /* AppDelegate.m */; };
		2A881C14206C97630017CB64 /* Assets.xcassets in Resources */ = {isa = PBXBuildFile; fileRef = 2A881C13206C97630017CB64 /* Assets.xcassets */; };
		2A881C17206C97630017CB64 /* LaunchScreen.storyboard in Resources */ = {isa = PBXBuildFile; fileRef = 2A881C15206C97630017CB64 /* LaunchScreen.storyboard */; };
		2A881C1A206C97630017CB64 /* main.m in Sources */ = {isa = PBXBuildFile; fileRef = 2A881C19206C97630017CB64 /* main.m */; };
		2A881C59206C97B10017CB64 /* Main.storyboard in Resources */ = {isa = PBXBuildFile; fileRef = 2A881C57206C97B00017CB64 /* Main.storyboard */; };
		2A881C5E206C97C10017CB64 /* ViewController.m in Sources */ = {isa = PBXBuildFile; fileRef = 2A881C5C206C97C00017CB64 /* ViewController.m */; };
		2A881CA3206C986D0017CB64 /* WKPlayerView.m in Sources */ = {isa = PBXBuildFile; fileRef = 2A881CA1206C986D0017CB64 /* WKPlayerView.m */; };
/* End PBXBuildFile section */

/* Begin PBXFileReference section */
		2A7FD7AD21104B1200A985BC /* WKVideoListViewController.h */ = {isa = PBXFileReference; fileEncoding = 4; lastKnownFileType = sourcecode.c.h; path = WKVideoListViewController.h; sourceTree = "<group>"; };
		2A7FD7AE21104B1200A985BC /* WKVideoListViewController.m */ = {isa = PBXFileReference; fileEncoding = 4; lastKnownFileType = sourcecode.c.objc; path = WKVideoListViewController.m; sourceTree = "<group>"; };
		2A7FD7B021104B1200A985BC /* WKVideoListItem.h */ = {isa = PBXFileReference; fileEncoding = 4; lastKnownFileType = sourcecode.c.h; path = WKVideoListItem.h; sourceTree = "<group>"; };
		2A7FD7B121104B1200A985BC /* WKVideoListItem.m */ = {isa = PBXFileReference; fileEncoding = 4; lastKnownFileType = sourcecode.c.objc; path = WKVideoListItem.m; sourceTree = "<group>"; };
		2A7FD7B321104B1200A985BC /* WKVideoListCell.h */ = {isa = PBXFileReference; fileEncoding = 4; lastKnownFileType = sourcecode.c.h; path = WKVideoListCell.h; sourceTree = "<group>"; };
		2A7FD7B421104B1200A985BC /* WKVideoListCell.m */ = {isa = PBXFileReference; fileEncoding = 4; lastKnownFileType = sourcecode.c.objc; path = WKVideoListCell.m; sourceTree = "<group>"; };
		2A7FD7B721104B1200A985BC /* MJPropertyKey.h */ = {isa = PBXFileReference; fileEncoding = 4; lastKnownFileType = sourcecode.c.h; path = MJPropertyKey.h; sourceTree = "<group>"; };
		2A7FD7B821104B1200A985BC /* NSObject+MJClass.h */ = {isa = PBXFileReference; fileEncoding = 4; lastKnownFileType = sourcecode.c.h; path = "NSObject+MJClass.h"; sourceTree = "<group>"; };
		2A7FD7B921104B1200A985BC /* NSString+MJExtension.h */ = {isa = PBXFileReference; fileEncoding = 4; lastKnownFileType = sourcecode.c.h; path = "NSString+MJExtension.h"; sourceTree = "<group>"; };
		2A7FD7BA21104B1200A985BC /* MJPropertyType.m */ = {isa = PBXFileReference; fileEncoding = 4; lastKnownFileType = sourcecode.c.objc; path = MJPropertyType.m; sourceTree = "<group>"; };
		2A7FD7BB21104B1200A985BC /* NSObject+MJProperty.h */ = {isa = PBXFileReference; fileEncoding = 4; lastKnownFileType = sourcecode.c.h; path = "NSObject+MJProperty.h"; sourceTree = "<group>"; };
		2A7FD7BC21104B1200A985BC /* MJExtensionConst.h */ = {isa = PBXFileReference; fileEncoding = 4; lastKnownFileType = sourcecode.c.h; path = MJExtensionConst.h; sourceTree = "<group>"; };
		2A7FD7BD21104B1200A985BC /* NSObject+MJKeyValue.m */ = {isa = PBXFileReference; fileEncoding = 4; lastKnownFileType = sourcecode.c.objc; path = "NSObject+MJKeyValue.m"; sourceTree = "<group>"; };
		2A7FD7BE21104B1200A985BC /* MJProperty.m */ = {isa = PBXFileReference; fileEncoding = 4; lastKnownFileType = sourcecode.c.objc; path = MJProperty.m; sourceTree = "<group>"; };
		2A7FD7BF21104B1200A985BC /* MJFoundation.h */ = {isa = PBXFileReference; fileEncoding = 4; lastKnownFileType = sourcecode.c.h; path = MJFoundation.h; sourceTree = "<group>"; };
		2A7FD7C021104B1200A985BC /* NSObject+MJCoding.m */ = {isa = PBXFileReference; fileEncoding = 4; lastKnownFileType = sourcecode.c.objc; path = "NSObject+MJCoding.m"; sourceTree = "<group>"; };
		2A7FD7C121104B1200A985BC /* MJExtension.h */ = {isa = PBXFileReference; fileEncoding = 4; lastKnownFileType = sourcecode.c.h; path = MJExtension.h; sourceTree = "<group>"; };
		2A7FD7C221104B1200A985BC /* MJExtensionConst.m */ = {isa = PBXFileReference; fileEncoding = 4; lastKnownFileType = sourcecode.c.objc; path = MJExtensionConst.m; sourceTree = "<group>"; };
		2A7FD7C321104B1200A985BC /* NSObject+MJProperty.m */ = {isa = PBXFileReference; fileEncoding = 4; lastKnownFileType = sourcecode.c.objc; path = "NSObject+MJProperty.m"; sourceTree = "<group>"; };
		2A7FD7C421104B1200A985BC /* MJPropertyType.h */ = {isa = PBXFileReference; fileEncoding = 4; lastKnownFileType = sourcecode.c.h; path = MJPropertyType.h; sourceTree = "<group>"; };
		2A7FD7C521104B1200A985BC /* NSObject+MJClass.m */ = {isa = PBXFileReference; fileEncoding = 4; lastKnownFileType = sourcecode.c.objc; path = "NSObject+MJClass.m"; sourceTree = "<group>"; };
		2A7FD7C621104B1200A985BC /* NSString+MJExtension.m */ = {isa = PBXFileReference; fileEncoding = 4; lastKnownFileType = sourcecode.c.objc; path = "NSString+MJExtension.m"; sourceTree = "<group>"; };
		2A7FD7C721104B1200A985BC /* MJPropertyKey.m */ = {isa = PBXFileReference; fileEncoding = 4; lastKnownFileType = sourcecode.c.objc; path = MJPropertyKey.m; sourceTree = "<group>"; };
		2A7FD7C821104B1200A985BC /* MJProperty.h */ = {isa = PBXFileReference; fileEncoding = 4; lastKnownFileType = sourcecode.c.h; path = MJProperty.h; sourceTree = "<group>"; };
		2A7FD7C921104B1200A985BC /* NSObject+MJKeyValue.h */ = {isa = PBXFileReference; fileEncoding = 4; lastKnownFileType = sourcecode.c.h; path = "NSObject+MJKeyValue.h"; sourceTree = "<group>"; };
		2A7FD7CA21104B1200A985BC /* NSObject+MJCoding.h */ = {isa = PBXFileReference; fileEncoding = 4; lastKnownFileType = sourcecode.c.h; path = "NSObject+MJCoding.h"; sourceTree = "<group>"; };
		2A7FD7CB21104B1200A985BC /* Info.plist */ = {isa = PBXFileReference; fileEncoding = 4; lastKnownFileType = text.plist.xml; path = Info.plist; sourceTree = "<group>"; };
		2A7FD7CC21104B1200A985BC /* MJFoundation.m */ = {isa = PBXFileReference; fileEncoding = 4; lastKnownFileType = sourcecode.c.objc; path = MJFoundation.m; sourceTree = "<group>"; };
		2A7FD7CE21104B1200A985BC /* AFSecurityPolicy.h */ = {isa = PBXFileReference; fileEncoding = 4; lastKnownFileType = sourcecode.c.h; path = AFSecurityPolicy.h; sourceTree = "<group>"; };
		2A7FD7CF21104B1200A985BC /* AFNetworkReachabilityManager.h */ = {isa = PBXFileReference; fileEncoding = 4; lastKnownFileType = sourcecode.c.h; path = AFNetworkReachabilityManager.h; sourceTree = "<group>"; };
		2A7FD7D021104B1200A985BC /* AFURLSessionManager.h */ = {isa = PBXFileReference; fileEncoding = 4; lastKnownFileType = sourcecode.c.h; path = AFURLSessionManager.h; sourceTree = "<group>"; };
		2A7FD7D121104B1200A985BC /* AFURLRequestSerialization.h */ = {isa = PBXFileReference; fileEncoding = 4; lastKnownFileType = sourcecode.c.h; path = AFURLRequestSerialization.h; sourceTree = "<group>"; };
		2A7FD7D221104B1200A985BC /* AFURLResponseSerialization.m */ = {isa = PBXFileReference; fileEncoding = 4; lastKnownFileType = sourcecode.c.objc; path = AFURLResponseSerialization.m; sourceTree = "<group>"; };
		2A7FD7D321104B1200A985BC /* AFHTTPSessionManager.m */ = {isa = PBXFileReference; fileEncoding = 4; lastKnownFileType = sourcecode.c.objc; path = AFHTTPSessionManager.m; sourceTree = "<group>"; };
		2A7FD7D421104B1200A985BC /* AFURLResponseSerialization.h */ = {isa = PBXFileReference; fileEncoding = 4; lastKnownFileType = sourcecode.c.h; path = AFURLResponseSerialization.h; sourceTree = "<group>"; };
		2A7FD7D521104B1200A985BC /* AFURLSessionManager.m */ = {isa = PBXFileReference; fileEncoding = 4; lastKnownFileType = sourcecode.c.objc; path = AFURLSessionManager.m; sourceTree = "<group>"; };
		2A7FD7D621104B1200A985BC /* AFURLRequestSerialization.m */ = {isa = PBXFileReference; fileEncoding = 4; lastKnownFileType = sourcecode.c.objc; path = AFURLRequestSerialization.m; sourceTree = "<group>"; };
		2A7FD7D721104B1200A985BC /* AFNetworking.h */ = {isa = PBXFileReference; fileEncoding = 4; lastKnownFileType = sourcecode.c.h; path = AFNetworking.h; sourceTree = "<group>"; };
		2A7FD7D821104B1200A985BC /* AFNetworkReachabilityManager.m */ = {isa = PBXFileReference; fileEncoding = 4; lastKnownFileType = sourcecode.c.objc; path = AFNetworkReachabilityManager.m; sourceTree = "<group>"; };
		2A7FD7D921104B1200A985BC /* AFSecurityPolicy.m */ = {isa = PBXFileReference; fileEncoding = 4; lastKnownFileType = sourcecode.c.objc; path = AFSecurityPolicy.m; sourceTree = "<group>"; };
		2A7FD7DA21104B1200A985BC /* AFHTTPSessionManager.h */ = {isa = PBXFileReference; fileEncoding = 4; lastKnownFileType = sourcecode.c.h; path = AFHTTPSessionManager.h; sourceTree = "<group>"; };
		2A7FD7DC21104B1200A985BC /* MBProgressHUD.m */ = {isa = PBXFileReference; fileEncoding = 4; lastKnownFileType = sourcecode.c.objc; path = MBProgressHUD.m; sourceTree = "<group>"; };
		2A7FD7DD21104B1200A985BC /* MBProgressHUD.h */ = {isa = PBXFileReference; fileEncoding = 4; lastKnownFileType = sourcecode.c.h; path = MBProgressHUD.h; sourceTree = "<group>"; };
		2A7FD7DF21104B1200A985BC /* UIImageView+WebCache.h */ = {isa = PBXFileReference; fileEncoding = 4; lastKnownFileType = sourcecode.c.h; path = "UIImageView+WebCache.h"; sourceTree = "<group>"; };
		2A7FD7E021104B1200A985BC /* NSData+ImageContentType.h */ = {isa = PBXFileReference; fileEncoding = 4; lastKnownFileType = sourcecode.c.h; path = "NSData+ImageContentType.h"; sourceTree = "<group>"; };
		2A7FD7E121104B1200A985BC /* SDWebImageManager.m */ = {isa = PBXFileReference; fileEncoding = 4; lastKnownFileType = sourcecode.c.objc; path = SDWebImageManager.m; sourceTree = "<group>"; };
		2A7FD7E221104B1200A985BC /* SDWebImageDecoder.m */ = {isa = PBXFileReference; fileEncoding = 4; lastKnownFileType = sourcecode.c.objc; path = SDWebImageDecoder.m; sourceTree = "<group>"; };
		2A7FD7E321104B1200A985BC /* SDWebImageDownloaderOperation.h */ = {isa = PBXFileReference; fileEncoding = 4; lastKnownFileType = sourcecode.c.h; path = SDWebImageDownloaderOperation.h; sourceTree = "<group>"; };
		2A7FD7E421104B1200A985BC /* UIImageView+HighlightedWebCache.m */ = {isa = PBXFileReference; fileEncoding = 4; lastKnownFileType = sourcecode.c.objc; path = "UIImageView+HighlightedWebCache.m"; sourceTree = "<group>"; };
		2A7FD7E521104B1200A985BC /* SDImageCache.h */ = {isa = PBXFileReference; fileEncoding = 4; lastKnownFileType = sourcecode.c.h; path = SDImageCache.h; sourceTree = "<group>"; };
		2A7FD7E621104B1200A985BC /* SDWebImageDownloader.m */ = {isa = PBXFileReference; fileEncoding = 4; lastKnownFileType = sourcecode.c.objc; path = SDWebImageDownloader.m; sourceTree = "<group>"; };
		2A7FD7E721104B1200A985BC /* UIImage+GIF.m */ = {isa = PBXFileReference; fileEncoding = 4; lastKnownFileType = sourcecode.c.objc; path = "UIImage+GIF.m"; sourceTree = "<group>"; };
		2A7FD7E821104B1200A985BC /* UIButton+WebCache.h */ = {isa = PBXFileReference; fileEncoding = 4; lastKnownFileType = sourcecode.c.h; path = "UIButton+WebCache.h"; sourceTree = "<group>"; };
		2A7FD7E921104B1200A985BC /* UIImage+MultiFormat.m */ = {isa = PBXFileReference; fileEncoding = 4; lastKnownFileType = sourcecode.c.objc; path = "UIImage+MultiFormat.m"; sourceTree = "<group>"; };
		2A7FD7EA21104B1200A985BC /* SDWebImageCompat.m */ = {isa = PBXFileReference; fileEncoding = 4; lastKnownFileType = sourcecode.c.objc; path = SDWebImageCompat.m; sourceTree = "<group>"; };
		2A7FD7EB21104B1200A985BC /* SDWebImagePrefetcher.m */ = {isa = PBXFileReference; fileEncoding = 4; lastKnownFileType = sourcecode.c.objc; path = SDWebImagePrefetcher.m; sourceTree = "<group>"; };
		2A7FD7EC21104B1200A985BC /* UIView+WebCacheOperation.h */ = {isa = PBXFileReference; fileEncoding = 4; lastKnownFileType = sourcecode.c.h; path = "UIView+WebCacheOperation.h"; sourceTree = "<group>"; };
		2A7FD7ED21104B1200A985BC /* SDImageCache.m */ = {isa = PBXFileReference; fileEncoding = 4; lastKnownFileType = sourcecode.c.objc; path = SDImageCache.m; sourceTree = "<group>"; };
		2A7FD7EE21104B1200A985BC /* UIImageView+HighlightedWebCache.h */ = {isa = PBXFileReference; fileEncoding = 4; lastKnownFileType = sourcecode.c.h; path = "UIImageView+HighlightedWebCache.h"; sourceTree = "<group>"; };
		2A7FD7EF21104B1200A985BC /* SDWebImageDownloaderOperation.m */ = {isa = PBXFileReference; fileEncoding = 4; lastKnownFileType = sourcecode.c.objc; path = SDWebImageDownloaderOperation.m; sourceTree = "<group>"; };
		2A7FD7F021104B1200A985BC /* SDWebImageDecoder.h */ = {isa = PBXFileReference; fileEncoding = 4; lastKnownFileType = sourcecode.c.h; path = SDWebImageDecoder.h; sourceTree = "<group>"; };
		2A7FD7F121104B1200A985BC /* SDWebImageManager.h */ = {isa = PBXFileReference; fileEncoding = 4; lastKnownFileType = sourcecode.c.h; path = SDWebImageManager.h; sourceTree = "<group>"; };
		2A7FD7F221104B1200A985BC /* NSData+ImageContentType.m */ = {isa = PBXFileReference; fileEncoding = 4; lastKnownFileType = sourcecode.c.objc; path = "NSData+ImageContentType.m"; sourceTree = "<group>"; };
		2A7FD7F321104B1200A985BC /* UIImageView+WebCache.m */ = {isa = PBXFileReference; fileEncoding = 4; lastKnownFileType = sourcecode.c.objc; path = "UIImageView+WebCache.m"; sourceTree = "<group>"; };
		2A7FD7F421104B1200A985BC /* SDWebImageOperation.h */ = {isa = PBXFileReference; fileEncoding = 4; lastKnownFileType = sourcecode.c.h; path = SDWebImageOperation.h; sourceTree = "<group>"; };
		2A7FD7F521104B1200A985BC /* SDWebImageDownloader.h */ = {isa = PBXFileReference; fileEncoding = 4; lastKnownFileType = sourcecode.c.h; path = SDWebImageDownloader.h; sourceTree = "<group>"; };
		2A7FD7F621104B1200A985BC /* UIView+WebCacheOperation.m */ = {isa = PBXFileReference; fileEncoding = 4; lastKnownFileType = sourcecode.c.objc; path = "UIView+WebCacheOperation.m"; sourceTree = "<group>"; };
		2A7FD7F721104B1200A985BC /* SDWebImagePrefetcher.h */ = {isa = PBXFileReference; fileEncoding = 4; lastKnownFileType = sourcecode.c.h; path = SDWebImagePrefetcher.h; sourceTree = "<group>"; };
		2A7FD7F821104B1200A985BC /* SDWebImageCompat.h */ = {isa = PBXFileReference; fileEncoding = 4; lastKnownFileType = sourcecode.c.h; path = SDWebImageCompat.h; sourceTree = "<group>"; };
		2A7FD7F921104B1200A985BC /* UIImage+MultiFormat.h */ = {isa = PBXFileReference; fileEncoding = 4; lastKnownFileType = sourcecode.c.h; path = "UIImage+MultiFormat.h"; sourceTree = "<group>"; };
		2A7FD7FA21104B1200A985BC /* UIButton+WebCache.m */ = {isa = PBXFileReference; fileEncoding = 4; lastKnownFileType = sourcecode.c.objc; path = "UIButton+WebCache.m"; sourceTree = "<group>"; };
		2A7FD7FB21104B1200A985BC /* UIImage+GIF.h */ = {isa = PBXFileReference; fileEncoding = 4; lastKnownFileType = sourcecode.c.h; path = "UIImage+GIF.h"; sourceTree = "<group>"; };
		2A881C07206C97630017CB64 /* ZJHVideoPlay.app */ = {isa = PBXFileReference; explicitFileType = wrapper.application; includeInIndex = 0; path = ZJHVideoPlay.app; sourceTree = BUILT_PRODUCTS_DIR; };
		2A881C0A206C97630017CB64 /* AppDelegate.h */ = {isa = PBXFileReference; lastKnownFileType = sourcecode.c.h; path = AppDelegate.h; sourceTree = "<group>"; };
		2A881C0B206C97630017CB64 /* AppDelegate.m */ = {isa = PBXFileReference; lastKnownFileType = sourcecode.c.objc; path = AppDelegate.m; sourceTree = "<group>"; };
		2A881C13206C97630017CB64 /* Assets.xcassets */ = {isa = PBXFileReference; lastKnownFileType = folder.assetcatalog; path = Assets.xcassets; sourceTree = "<group>"; };
		2A881C16206C97630017CB64 /* Base */ = {isa = PBXFileReference; lastKnownFileType = file.storyboard; name = Base; path = Base.lproj/LaunchScreen.storyboard; sourceTree = "<group>"; };
		2A881C18206C97630017CB64 /* Info.plist */ = {isa = PBXFileReference; lastKnownFileType = text.plist.xml; path = Info.plist; sourceTree = "<group>"; };
		2A881C19206C97630017CB64 /* main.m */ = {isa = PBXFileReference; lastKnownFileType = sourcecode.c.objc; path = main.m; sourceTree = "<group>"; };
		2A881C58206C97B00017CB64 /* Base */ = {isa = PBXFileReference; lastKnownFileType = file.storyboard; name = Base; path = Base.lproj/Main.storyboard; sourceTree = "<group>"; };
		2A881C5B206C97C00017CB64 /* ViewController.h */ = {isa = PBXFileReference; fileEncoding = 4; lastKnownFileType = sourcecode.c.h; path = ViewController.h; sourceTree = "<group>"; };
		2A881C5C206C97C00017CB64 /* ViewController.m */ = {isa = PBXFileReference; fileEncoding = 4; lastKnownFileType = sourcecode.c.objc; path = ViewController.m; sourceTree = "<group>"; };
		2A881CA1206C986D0017CB64 /* WKPlayerView.m */ = {isa = PBXFileReference; fileEncoding = 4; lastKnownFileType = sourcecode.c.objc; path = WKPlayerView.m; sourceTree = "<group>"; };
		2A881CA2206C986D0017CB64 /* WKPlayerView.h */ = {isa = PBXFileReference; fileEncoding = 4; lastKnownFileType = sourcecode.c.h; path = WKPlayerView.h; sourceTree = "<group>"; };
/* End PBXFileReference section */

/* Begin PBXFrameworksBuildPhase section */
		2A881C04206C97630017CB64 /* Frameworks */ = {
			isa = PBXFrameworksBuildPhase;
			buildActionMask = 2147483647;
			files = (
			);
			runOnlyForDeploymentPostprocessing = 0;
		};
/* End PBXFrameworksBuildPhase section */

/* Begin PBXGroup section */
		2A7FD7AB21104B1200A985BC /* VideoPlay */ = {
			isa = PBXGroup;
			children = (
				2A7FD7AC21104B1200A985BC /* Controller */,
				2A7FD7AF21104B1200A985BC /* Model */,
				2A7FD7B221104B1200A985BC /* View */,
			);
			path = VideoPlay;
			sourceTree = "<group>";
		};
		2A7FD7AC21104B1200A985BC /* Controller */ = {
			isa = PBXGroup;
			children = (
				2A7FD7AD21104B1200A985BC /* WKVideoListViewController.h */,
				2A7FD7AE21104B1200A985BC /* WKVideoListViewController.m */,
			);
			path = Controller;
			sourceTree = "<group>";
		};
		2A7FD7AF21104B1200A985BC /* Model */ = {
			isa = PBXGroup;
			children = (
				2A7FD7B021104B1200A985BC /* WKVideoListItem.h */,
				2A7FD7B121104B1200A985BC /* WKVideoListItem.m */,
			);
			path = Model;
			sourceTree = "<group>";
		};
		2A7FD7B221104B1200A985BC /* View */ = {
			isa = PBXGroup;
			children = (
				2A7FD7B321104B1200A985BC /* WKVideoListCell.h */,
				2A7FD7B421104B1200A985BC /* WKVideoListCell.m */,
			);
			path = View;
			sourceTree = "<group>";
		};
		2A7FD7B521104B1200A985BC /* ThirdSDK */ = {
			isa = PBXGroup;
			children = (
				2A7FD7B621104B1200A985BC /* MJExtension */,
				2A7FD7CD21104B1200A985BC /* AFNetworking */,
				2A7FD7DB21104B1200A985BC /* MBProgressHUD */,
				2A7FD7DE21104B1200A985BC /* SDWebImage */,
			);
			path = ThirdSDK;
			sourceTree = "<group>";
		};
		2A7FD7B621104B1200A985BC /* MJExtension */ = {
			isa = PBXGroup;
			children = (
				2A7FD7B721104B1200A985BC /* MJPropertyKey.h */,
				2A7FD7B821104B1200A985BC /* NSObject+MJClass.h */,
				2A7FD7B921104B1200A985BC /* NSString+MJExtension.h */,
				2A7FD7BA21104B1200A985BC /* MJPropertyType.m */,
				2A7FD7BB21104B1200A985BC /* NSObject+MJProperty.h */,
				2A7FD7BC21104B1200A985BC /* MJExtensionConst.h */,
				2A7FD7BD21104B1200A985BC /* NSObject+MJKeyValue.m */,
				2A7FD7BE21104B1200A985BC /* MJProperty.m */,
				2A7FD7BF21104B1200A985BC /* MJFoundation.h */,
				2A7FD7C021104B1200A985BC /* NSObject+MJCoding.m */,
				2A7FD7C121104B1200A985BC /* MJExtension.h */,
				2A7FD7C221104B1200A985BC /* MJExtensionConst.m */,
				2A7FD7C321104B1200A985BC /* NSObject+MJProperty.m */,
				2A7FD7C421104B1200A985BC /* MJPropertyType.h */,
				2A7FD7C521104B1200A985BC /* NSObject+MJClass.m */,
				2A7FD7C621104B1200A985BC /* NSString+MJExtension.m */,
				2A7FD7C721104B1200A985BC /* MJPropertyKey.m */,
				2A7FD7C821104B1200A985BC /* MJProperty.h */,
				2A7FD7C921104B1200A985BC /* NSObject+MJKeyValue.h */,
				2A7FD7CA21104B1200A985BC /* NSObject+MJCoding.h */,
				2A7FD7CB21104B1200A985BC /* Info.plist */,
				2A7FD7CC21104B1200A985BC /* MJFoundation.m */,
			);
			path = MJExtension;
			sourceTree = "<group>";
		};
		2A7FD7CD21104B1200A985BC /* AFNetworking */ = {
			isa = PBXGroup;
			children = (
				2A7FD7CE21104B1200A985BC /* AFSecurityPolicy.h */,
				2A7FD7CF21104B1200A985BC /* AFNetworkReachabilityManager.h */,
				2A7FD7D021104B1200A985BC /* AFURLSessionManager.h */,
				2A7FD7D121104B1200A985BC /* AFURLRequestSerialization.h */,
				2A7FD7D221104B1200A985BC /* AFURLResponseSerialization.m */,
				2A7FD7D321104B1200A985BC /* AFHTTPSessionManager.m */,
				2A7FD7D421104B1200A985BC /* AFURLResponseSerialization.h */,
				2A7FD7D521104B1200A985BC /* AFURLSessionManager.m */,
				2A7FD7D621104B1200A985BC /* AFURLRequestSerialization.m */,
				2A7FD7D721104B1200A985BC /* AFNetworking.h */,
				2A7FD7D821104B1200A985BC /* AFNetworkReachabilityManager.m */,
				2A7FD7D921104B1200A985BC /* AFSecurityPolicy.m */,
				2A7FD7DA21104B1200A985BC /* AFHTTPSessionManager.h */,
			);
			path = AFNetworking;
			sourceTree = "<group>";
		};
		2A7FD7DB21104B1200A985BC /* MBProgressHUD */ = {
			isa = PBXGroup;
			children = (
				2A7FD7DC21104B1200A985BC /* MBProgressHUD.m */,
				2A7FD7DD21104B1200A985BC /* MBProgressHUD.h */,
			);
			path = MBProgressHUD;
			sourceTree = "<group>";
		};
		2A7FD7DE21104B1200A985BC /* SDWebImage */ = {
			isa = PBXGroup;
			children = (
				2A7FD7DF21104B1200A985BC /* UIImageView+WebCache.h */,
				2A7FD7E021104B1200A985BC /* NSData+ImageContentType.h */,
				2A7FD7E121104B1200A985BC /* SDWebImageManager.m */,
				2A7FD7E221104B1200A985BC /* SDWebImageDecoder.m */,
				2A7FD7E321104B1200A985BC /* SDWebImageDownloaderOperation.h */,
				2A7FD7E421104B1200A985BC /* UIImageView+HighlightedWebCache.m */,
				2A7FD7E521104B1200A985BC /* SDImageCache.h */,
				2A7FD7E621104B1200A985BC /* SDWebImageDownloader.m */,
				2A7FD7E721104B1200A985BC /* UIImage+GIF.m */,
				2A7FD7E821104B1200A985BC /* UIButton+WebCache.h */,
				2A7FD7E921104B1200A985BC /* UIImage+MultiFormat.m */,
				2A7FD7EA21104B1200A985BC /* SDWebImageCompat.m */,
				2A7FD7EB21104B1200A985BC /* SDWebImagePrefetcher.m */,
				2A7FD7EC21104B1200A985BC /* UIView+WebCacheOperation.h */,
				2A7FD7ED21104B1200A985BC /* SDImageCache.m */,
				2A7FD7EE21104B1200A985BC /* UIImageView+HighlightedWebCache.h */,
				2A7FD7EF21104B1200A985BC /* SDWebImageDownloaderOperation.m */,
				2A7FD7F021104B1200A985BC /* SDWebImageDecoder.h */,
				2A7FD7F121104B1200A985BC /* SDWebImageManager.h */,
				2A7FD7F221104B1200A985BC /* NSData+ImageContentType.m */,
				2A7FD7F321104B1200A985BC /* UIImageView+WebCache.m */,
				2A7FD7F421104B1200A985BC /* SDWebImageOperation.h */,
				2A7FD7F521104B1200A985BC /* SDWebImageDownloader.h */,
				2A7FD7F621104B1200A985BC /* UIView+WebCacheOperation.m */,
				2A7FD7F721104B1200A985BC /* SDWebImagePrefetcher.h */,
				2A7FD7F821104B1200A985BC /* SDWebImageCompat.h */,
				2A7FD7F921104B1200A985BC /* UIImage+MultiFormat.h */,
				2A7FD7FA21104B1200A985BC /* UIButton+WebCache.m */,
				2A7FD7FB21104B1200A985BC /* UIImage+GIF.h */,
			);
			path = SDWebImage;
			sourceTree = "<group>";
		};
		2A881BFE206C97630017CB64 = {
			isa = PBXGroup;
			children = (
				2A881C09206C97630017CB64 /* ZJHVideoPlay */,
				2A881C08206C97630017CB64 /* Products */,
			);
			sourceTree = "<group>";
		};
		2A881C08206C97630017CB64 /* Products */ = {
			isa = PBXGroup;
			children = (
				2A881C07206C97630017CB64 /* ZJHVideoPlay.app */,
			);
			name = Products;
			sourceTree = "<group>";
		};
		2A881C09206C97630017CB64 /* ZJHVideoPlay */ = {
			isa = PBXGroup;
			children = (
				2A7FD7B521104B1200A985BC /* ThirdSDK */,
				2A7FD7AB21104B1200A985BC /* VideoPlay */,
				2A881CA0206C986D0017CB64 /* PlayView */,
				2A881C0A206C97630017CB64 /* AppDelegate.h */,
				2A881C0B206C97630017CB64 /* AppDelegate.m */,
				2A881C5B206C97C00017CB64 /* ViewController.h */,
				2A881C5C206C97C00017CB64 /* ViewController.m */,
				2A881C57206C97B00017CB64 /* Main.storyboard */,
				2A881C13206C97630017CB64 /* Assets.xcassets */,
				2A881C15206C97630017CB64 /* LaunchScreen.storyboard */,
				2A881C18206C97630017CB64 /* Info.plist */,
				2A881C19206C97630017CB64 /* main.m */,
			);
			path = ZJHVideoPlay;
			sourceTree = "<group>";
		};
		2A881CA0206C986D0017CB64 /* PlayView */ = {
			isa = PBXGroup;
			children = (
				2A881CA2206C986D0017CB64 /* WKPlayerView.h */,
				2A881CA1206C986D0017CB64 /* WKPlayerView.m */,
			);
			path = PlayView;
			sourceTree = "<group>";
		};
/* End PBXGroup section */

/* Begin PBXNativeTarget section */
		2A881C06206C97630017CB64 /* ZJHVideoPlay */ = {
			isa = PBXNativeTarget;
			buildConfigurationList = 2A881C1D206C97630017CB64 /* Build configuration list for PBXNativeTarget "ZJHVideoPlay" */;
			buildPhases = (
				2A881C03206C97630017CB64 /* Sources */,
				2A881C04206C97630017CB64 /* Frameworks */,
				2A881C05206C97630017CB64 /* Resources */,
			);
			buildRules = (
			);
			dependencies = (
			);
			name = ZJHVideoPlay;
			productName = ZJHVideoPlay;
			productReference = 2A881C07206C97630017CB64 /* ZJHVideoPlay.app */;
			productType = "com.apple.product-type.application";
		};
/* End PBXNativeTarget section */

/* Begin PBXProject section */
		2A881BFF206C97630017CB64 /* Project object */ = {
			isa = PBXProject;
			attributes = {
				LastUpgradeCheck = 0920;
				ORGANIZATIONNAME = ZhangJingHao2345;
				TargetAttributes = {
					2A881C06206C97630017CB64 = {
						CreatedOnToolsVersion = 9.2;
						ProvisioningStyle = Automatic;
					};
				};
			};
			buildConfigurationList = 2A881C02206C97630017CB64 /* Build configuration list for PBXProject "ZJHVideoPlay" */;
			compatibilityVersion = "Xcode 8.0";
			developmentRegion = en;
			hasScannedForEncodings = 0;
			knownRegions = (
				en,
				Base,
			);
			mainGroup = 2A881BFE206C97630017CB64;
			productRefGroup = 2A881C08206C97630017CB64 /* Products */;
			projectDirPath = "";
			projectRoot = "";
			targets = (
				2A881C06206C97630017CB64 /* ZJHVideoPlay */,
			);
		};
/* End PBXProject section */

/* Begin PBXResourcesBuildPhase section */
		2A881C05206C97630017CB64 /* Resources */ = {
			isa = PBXResourcesBuildPhase;
			buildActionMask = 2147483647;
			files = (
				2A7FD80821104B1200A985BC /* Info.plist in Resources */,
				2A881C17206C97630017CB64 /* LaunchScreen.storyboard in Resources */,
				2A881C14206C97630017CB64 /* Assets.xcassets in Resources */,
				2A881C59206C97B10017CB64 /* Main.storyboard in Resources */,
			);
			runOnlyForDeploymentPostprocessing = 0;
		};
/* End PBXResourcesBuildPhase section */

/* Begin PBXSourcesBuildPhase section */
		2A881C03206C97630017CB64 /* Sources */ = {
			isa = PBXSourcesBuildPhase;
			buildActionMask = 2147483647;
			files = (
				2A7FD81221104B1200A985BC /* SDWebImageDecoder.m in Sources */,
				2A7FD7FD21104B1200A985BC /* WKVideoListItem.m in Sources */,
				2A7FD80B21104B1200A985BC /* AFHTTPSessionManager.m in Sources */,
				2A7FD80F21104B1200A985BC /* AFSecurityPolicy.m in Sources */,
				2A7FD7FF21104B1200A985BC /* MJPropertyType.m in Sources */,
				2A881C5E206C97C10017CB64 /* ViewController.m in Sources */,
				2A7FD80121104B1200A985BC /* MJProperty.m in Sources */,
				2A7FD81921104B1200A985BC /* SDImageCache.m in Sources */,
				2A7FD81A21104B1200A985BC /* SDWebImageDownloaderOperation.m in Sources */,
				2A7FD80C21104B1200A985BC /* AFURLSessionManager.m in Sources */,
				2A7FD81021104B1200A985BC /* MBProgressHUD.m in Sources */,
				2A7FD80421104B1200A985BC /* NSObject+MJProperty.m in Sources */,
				2A7FD80521104B1200A985BC /* NSObject+MJClass.m in Sources */,
				2A7FD80321104B1200A985BC /* MJExtensionConst.m in Sources */,
				2A7FD81C21104B1200A985BC /* UIImageView+WebCache.m in Sources */,
				2A7FD81421104B1200A985BC /* SDWebImageDownloader.m in Sources */,
				2A7FD81521104B1200A985BC /* UIImage+GIF.m in Sources */,
				2A881C1A206C97630017CB64 /* main.m in Sources */,
				2A7FD80621104B1200A985BC /* NSString+MJExtension.m in Sources */,
				2A7FD80021104B1200A985BC /* NSObject+MJKeyValue.m in Sources */,
				2A7FD81821104B1200A985BC /* SDWebImagePrefetcher.m in Sources */,
				2A7FD80D21104B1200A985BC /* AFURLRequestSerialization.m in Sources */,
				2A7FD80A21104B1200A985BC /* AFURLResponseSerialization.m in Sources */,
				2A7FD80221104B1200A985BC /* NSObject+MJCoding.m in Sources */,
				2A7FD81321104B1200A985BC /* UIImageView+HighlightedWebCache.m in Sources */,
				2A7FD81121104B1200A985BC /* SDWebImageManager.m in Sources */,
				2A7FD81B21104B1200A985BC /* NSData+ImageContentType.m in Sources */,
				2A7FD81621104B1200A985BC /* UIImage+MultiFormat.m in Sources */,
				2A881CA3206C986D0017CB64 /* WKPlayerView.m in Sources */,
				2A7FD7FC21104B1200A985BC /* WKVideoListViewController.m in Sources */,
				2A7FD7FE21104B1200A985BC /* WKVideoListCell.m in Sources */,
				2A7FD81E21104B1200A985BC /* UIButton+WebCache.m in Sources */,
				2A881C0C206C97630017CB64 /* AppDelegate.m in Sources */,
				2A7FD80721104B1200A985BC /* MJPropertyKey.m in Sources */,
				2A7FD81721104B1200A985BC /* SDWebImageCompat.m in Sources */,
				2A7FD81D21104B1200A985BC /* UIView+WebCacheOperation.m in Sources */,
				2A7FD80E21104B1200A985BC /* AFNetworkReachabilityManager.m in Sources */,
				2A7FD80921104B1200A985BC /* MJFoundation.m in Sources */,
			);
			runOnlyForDeploymentPostprocessing = 0;
		};
/* End PBXSourcesBuildPhase section */

/* Begin PBXVariantGroup section */
		2A881C15206C97630017CB64 /* LaunchScreen.storyboard */ = {
			isa = PBXVariantGroup;
			children = (
				2A881C16206C97630017CB64 /* Base */,
			);
			name = LaunchScreen.storyboard;
			sourceTree = "<group>";
		};
		2A881C57206C97B00017CB64 /* Main.storyboard */ = {
			isa = PBXVariantGroup;
			children = (
				2A881C58206C97B00017CB64 /* Base */,
			);
			name = Main.storyboard;
			sourceTree = "<group>";
		};
/* End PBXVariantGroup section */

/* Begin XCBuildConfiguration section */
		2A881C1B206C97630017CB64 /* Debug */ = {
			isa = XCBuildConfiguration;
			buildSettings = {
				ALWAYS_SEARCH_USER_PATHS = NO;
				CLANG_ANALYZER_NONNULL = YES;
				CLANG_ANALYZER_NUMBER_OBJECT_CONVERSION = YES_AGGRESSIVE;
				CLANG_CXX_LANGUAGE_STANDARD = "gnu++14";
				CLANG_CXX_LIBRARY = "libc++";
				CLANG_ENABLE_MODULES = YES;
				CLANG_ENABLE_OBJC_ARC = YES;
				CLANG_WARN_BLOCK_CAPTURE_AUTORELEASING = YES;
				CLANG_WARN_BOOL_CONVERSION = YES;
				CLANG_WARN_COMMA = YES;
				CLANG_WARN_CONSTANT_CONVERSION = YES;
				CLANG_WARN_DIRECT_OBJC_ISA_USAGE = YES_ERROR;
				CLANG_WARN_DOCUMENTATION_COMMENTS = YES;
				CLANG_WARN_EMPTY_BODY = YES;
				CLANG_WARN_ENUM_CONVERSION = YES;
				CLANG_WARN_INFINITE_RECURSION = YES;
				CLANG_WARN_INT_CONVERSION = YES;
				CLANG_WARN_NON_LITERAL_NULL_CONVERSION = YES;
				CLANG_WARN_OBJC_LITERAL_CONVERSION = YES;
				CLANG_WARN_OBJC_ROOT_CLASS = YES_ERROR;
				CLANG_WARN_RANGE_LOOP_ANALYSIS = YES;
				CLANG_WARN_STRICT_PROTOTYPES = YES;
				CLANG_WARN_SUSPICIOUS_MOVE = YES;
				CLANG_WARN_UNGUARDED_AVAILABILITY = YES_AGGRESSIVE;
				CLANG_WARN_UNREACHABLE_CODE = YES;
				CLANG_WARN__DUPLICATE_METHOD_MATCH = YES;
				CODE_SIGN_IDENTITY = "iPhone Developer";
				COPY_PHASE_STRIP = NO;
				DEBUG_INFORMATION_FORMAT = dwarf;
				ENABLE_STRICT_OBJC_MSGSEND = YES;
				ENABLE_TESTABILITY = YES;
				GCC_C_LANGUAGE_STANDARD = gnu11;
				GCC_DYNAMIC_NO_PIC = NO;
				GCC_NO_COMMON_BLOCKS = YES;
				GCC_OPTIMIZATION_LEVEL = 0;
				GCC_PREPROCESSOR_DEFINITIONS = (
					"DEBUG=1",
					"$(inherited)",
				);
				GCC_WARN_64_TO_32_BIT_CONVERSION = YES;
				GCC_WARN_ABOUT_RETURN_TYPE = YES_ERROR;
				GCC_WARN_UNDECLARED_SELECTOR = YES;
				GCC_WARN_UNINITIALIZED_AUTOS = YES_AGGRESSIVE;
				GCC_WARN_UNUSED_FUNCTION = YES;
				GCC_WARN_UNUSED_VARIABLE = YES;
				IPHONEOS_DEPLOYMENT_TARGET = 11.2;
				MTL_ENABLE_DEBUG_INFO = YES;
				ONLY_ACTIVE_ARCH = YES;
				SDKROOT = iphoneos;
			};
			name = Debug;
		};
		2A881C1C206C97630017CB64 /* Release */ = {
			isa = XCBuildConfiguration;
			buildSettings = {
				ALWAYS_SEARCH_USER_PATHS = NO;
				CLANG_ANALYZER_NONNULL = YES;
				CLANG_ANALYZER_NUMBER_OBJECT_CONVERSION = YES_AGGRESSIVE;
				CLANG_CXX_LANGUAGE_STANDARD = "gnu++14";
				CLANG_CXX_LIBRARY = "libc++";
				CLANG_ENABLE_MODULES = YES;
				CLANG_ENABLE_OBJC_ARC = YES;
				CLANG_WARN_BLOCK_CAPTURE_AUTORELEASING = YES;
				CLANG_WARN_BOOL_CONVERSION = YES;
				CLANG_WARN_COMMA = YES;
				CLANG_WARN_CONSTANT_CONVERSION = YES;
				CLANG_WARN_DIRECT_OBJC_ISA_USAGE = YES_ERROR;
				CLANG_WARN_DOCUMENTATION_COMMENTS = YES;
				CLANG_WARN_EMPTY_BODY = YES;
				CLANG_WARN_ENUM_CONVERSION = YES;
				CLANG_WARN_INFINITE_RECURSION = YES;
				CLANG_WARN_INT_CONVERSION = YES;
				CLANG_WARN_NON_LITERAL_NULL_CONVERSION = YES;
				CLANG_WARN_OBJC_LITERAL_CONVERSION = YES;
				CLANG_WARN_OBJC_ROOT_CLASS = YES_ERROR;
				CLANG_WARN_RANGE_LOOP_ANALYSIS = YES;
				CLANG_WARN_STRICT_PROTOTYPES = YES;
				CLANG_WARN_SUSPICIOUS_MOVE = YES;
				CLANG_WARN_UNGUARDED_AVAILABILITY = YES_AGGRESSIVE;
				CLANG_WARN_UNREACHABLE_CODE = YES;
				CLANG_WARN__DUPLICATE_METHOD_MATCH = YES;
				CODE_SIGN_IDENTITY = "iPhone Developer";
				COPY_PHASE_STRIP = NO;
				DEBUG_INFORMATION_FORMAT = "dwarf-with-dsym";
				ENABLE_NS_ASSERTIONS = NO;
				ENABLE_STRICT_OBJC_MSGSEND = YES;
				GCC_C_LANGUAGE_STANDARD = gnu11;
				GCC_NO_COMMON_BLOCKS = YES;
				GCC_WARN_64_TO_32_BIT_CONVERSION = YES;
				GCC_WARN_ABOUT_RETURN_TYPE = YES_ERROR;
				GCC_WARN_UNDECLARED_SELECTOR = YES;
				GCC_WARN_UNINITIALIZED_AUTOS = YES_AGGRESSIVE;
				GCC_WARN_UNUSED_FUNCTION = YES;
				GCC_WARN_UNUSED_VARIABLE = YES;
				IPHONEOS_DEPLOYMENT_TARGET = 11.2;
				MTL_ENABLE_DEBUG_INFO = NO;
				SDKROOT = iphoneos;
				VALIDATE_PRODUCT = YES;
			};
			name = Release;
		};
		2A881C1E206C97630017CB64 /* Debug */ = {
			isa = XCBuildConfiguration;
			buildSettings = {
				ASSETCATALOG_COMPILER_APPICON_NAME = AppIcon;
				CODE_SIGN_STYLE = Automatic;
				INFOPLIST_FILE = ZJHVideoPlay/Info.plist;
				LD_RUNPATH_SEARCH_PATHS = "$(inherited) @executable_path/Frameworks";
				PRODUCT_BUNDLE_IDENTIFIER = cn.etouch.ecalendar.ZJHVideoPlay;
				PRODUCT_NAME = "$(TARGET_NAME)";
				TARGETED_DEVICE_FAMILY = "1,2";
			};
			name = Debug;
		};
		2A881C1F206C97630017CB64 /* Release */ = {
			isa = XCBuildConfiguration;
			buildSettings = {
				ASSETCATALOG_COMPILER_APPICON_NAME = AppIcon;
				CODE_SIGN_STYLE = Automatic;
				INFOPLIST_FILE = ZJHVideoPlay/Info.plist;
				LD_RUNPATH_SEARCH_PATHS = "$(inherited) @executable_path/Frameworks";
				PRODUCT_BUNDLE_IDENTIFIER = cn.etouch.ecalendar.ZJHVideoPlay;
				PRODUCT_NAME = "$(TARGET_NAME)";
				TARGETED_DEVICE_FAMILY = "1,2";
			};
			name = Release;
		};
/* End XCBuildConfiguration section */

/* Begin XCConfigurationList section */
		2A881C02206C97630017CB64 /* Build configuration list for PBXProject "ZJHVideoPlay" */ = {
			isa = XCConfigurationList;
			buildConfigurations = (
				2A881C1B206C97630017CB64 /* Debug */,
				2A881C1C206C97630017CB64 /* Release */,
			);
			defaultConfigurationIsVisible = 0;
			defaultConfigurationName = Release;
		};
		2A881C1D206C97630017CB64 /* Build configuration list for PBXNativeTarget "ZJHVideoPlay" */ = {
			isa = XCConfigurationList;
			buildConfigurations = (
				2A881C1E206C97630017CB64 /* Debug */,
				2A881C1F206C97630017CB64 /* Release */,
			);
			defaultConfigurationIsVisible = 0;
			defaultConfigurationName = Release;
		};
/* End XCConfigurationList section */
	};
	rootObject = 2A881BFF206C97630017CB64 /* Project object */;
}
